
Microsoft Visual Studio Solution File, Format Version 12.00
# Visual Studio Version 17
VisualStudioVersion = 17.3.32804.467
MinimumVisualStudioVersion = 10.0.40219.1
Project("{FAE04EC0-301F-11D3-BF4B-00C04F79EFBC}") = "FileFoundry.Backend.Starter", "FileFoundry.Backend.Starter\FileFoundry.Backend.Starter.csproj", "{A8918C2F-3FFC-441B-BD4D-4788DDEEBDDC}"
EndProject
Global
	GlobalSection(SolutionConfigurationPlatforms) = preSolution
		Debug|Any CPU = Debug|Any CPU
		Release|Any CPU = Release|Any CPU
	EndGlobalSection
	GlobalSection(ProjectConfigurationPlatforms) = postSolution
		{A8918C2F-3FFC-441B-BD4D-4788DDEEBDDC}.Debug|Any CPU.ActiveCfg = Debug|Any CPU
		{A8918C2F-3FFC-441B-BD4D-4788DDEEBDDC}.Debug|Any CPU.Build.0 = Debug|Any CPU
		{A8918C2F-3FFC-441B-BD4D-4788DDEEBDDC}.Release|Any CPU.ActiveCfg = Release|Any CPU
		{A8918C2F-3FFC-441B-BD4D-4788DDEEBDDC}.Release|Any CPU.Build.0 = Release|Any CPU
	EndGlobalSection
	GlobalSection(SolutionProperties) = preSolution
		HideSolutionNode = FALSE
	EndGlobalSection
	GlobalSection(ExtensibilityGlobals) = postSolution
		SolutionGuid = {C89CB860-0C80-4820-A81B-88AF7D8FA3E2}
	EndGlobalSection
EndGlobal
